Microsoft Visual Studio Solution File, Format Version 12.00
# Visual Studio 15
VisualStudioVersion = 15.0.26730.10
MinimumVisualStudioVersion = 10.0.40219.1
Project("{F2A71F9B-5D33-465A-A702-920D77279786}") = "FSharpWeekly", "FSharpWeekly\FSharpWeekly.fsproj", "{1B77DDFE-5946-4B99-BFC9-032BB707AA09}"
EndProject
Project("{F2A71F9B-5D33-465A-A702-920D77279786}") = "FSharpWeekly.Android", "FSharpWeekly.Android\FSharpWeekly.Android.fsproj", "{3DFE2686-ABA4-47A3-ABCA-81508C98186A}"
EndProject
Project("{F2A71F9B-5D33-465A-A702-920D77279786}") = "FSharpWeekly.iOS", "FSharpWeekly.iOS\FSharpWeekly.iOS.fsproj", "{CF17F293-8EC3-4662-99D4-0EA04881CFA0}"
EndProject
Project("{FAE04EC0-301F-11D3-BF4B-00C04F79EFBC}") = "FSharpWeekly.UWP", "FSharpWeekly.UWP\FSharpWeekly.UWP.csproj", "{52BAA8C5-BDAF-425B-85CB-B940D7DE1933}"
EndProject
Global
	GlobalSection(SolutionConfigurationPlatforms) = preSolution
		Ad-Hoc|Any CPU = Ad-Hoc|Any CPU
		Ad-Hoc|ARM = Ad-Hoc|ARM
		Ad-Hoc|ARM64 = Ad-Hoc|ARM64
		Ad-Hoc|iPhone = Ad-Hoc|iPhone
		Ad-Hoc|iPhoneSimulator = Ad-Hoc|iPhoneSimulator
		Ad-Hoc|x64 = Ad-Hoc|x64
		Ad-Hoc|x86 = Ad-Hoc|x86
		AppStore|Any CPU = AppStore|Any CPU
		AppStore|ARM = AppStore|ARM
		AppStore|ARM64 = AppStore|ARM64
		AppStore|iPhone = AppStore|iPhone
		AppStore|iPhoneSimulator = AppStore|iPhoneSimulator
		AppStore|x64 = AppStore|x64
		AppStore|x86 = AppStore|x86
		Debug|Any CPU = Debug|Any CPU
		Debug|ARM = Debug|ARM
		Debug|ARM64 = Debug|ARM64
		Debug|iPhone = Debug|iPhone
		Debug|iPhoneSimulator = Debug|iPhoneSimulator
		Debug|x64 = Debug|x64
		Debug|x86 = Debug|x86
		Release|Any CPU = Release|Any CPU
		Release|ARM = Release|ARM
		Release|ARM64 = Release|ARM64
		Release|iPhone = Release|iPhone
		Release|iPhoneSimulator = Release|iPhoneSimulator
		Release|x64 = Release|x64
		Release|x86 = Release|x86
	EndGlobalSection
	GlobalSection(ProjectConfigurationPlatforms) = postSolution
		{1B77DDFE-5946-4B99-BFC9-032BB707AA09}.Ad-Hoc|Any CPU.ActiveCfg = Debug|Any CPU
		{1B77DDFE-5946-4B99-BFC9-032BB707AA09}.Ad-Hoc|Any CPU.Build.0 = Debug|Any CPU
		{1B77DDFE-5946-4B99-BFC9-032BB707AA09}.Ad-Hoc|ARM.ActiveCfg = Debug|Any CPU
		{1B77DDFE-5946-4B99-BFC9-032BB707AA09}.Ad-Hoc|ARM.Build.0 = Debug|Any CPU
		{1B77DDFE-5946-4B99-BFC9-032BB707AA09}.Ad-Hoc|ARM64.ActiveCfg = Release|Any CPU
		{1B77DDFE-5946-4B99-BFC9-032BB707AA09}.Ad-Hoc|ARM64.Build.0 = Release|Any CPU
		{1B77DDFE-5946-4B99-BFC9-032BB707AA09}.Ad-Hoc|iPhone.ActiveCfg = Debug|Any CPU
		{1B77DDFE-5946-4B99-BFC9-032BB707AA09}.Ad-Hoc|iPhone.Build.0 = Debug|Any CPU
		{1B77DDFE-5946-4B99-BFC9-032BB707AA09}.Ad-Hoc|iPhoneSimulator.ActiveCfg = Debug|Any CPU
		{1B77DDFE-5946-4B99-BFC9-032BB707AA09}.Ad-Hoc|iPhoneSimulator.Build.0 = Debug|Any CPU
		{1B77DDFE-5946-4B99-BFC9-032BB707AA09}.Ad-Hoc|x64.ActiveCfg = Debug|Any CPU
		{1B77DDFE-5946-4B99-BFC9-032BB707AA09}.Ad-Hoc|x64.Build.0 = Debug|Any CPU
		{1B77DDFE-5946-4B99-BFC9-032BB707AA09}.Ad-Hoc|x86.ActiveCfg = Debug|Any CPU
		{1B77DDFE-5946-4B99-BFC9-032BB707AA09}.Ad-Hoc|x86.Build.0 = Debug|Any CPU
		{1B77DDFE-5946-4B99-BFC9-032BB707AA09}.AppStore|Any CPU.ActiveCfg = Debug|Any CPU
		{1B77DDFE-5946-4B99-BFC9-032BB707AA09}.AppStore|Any CPU.Build.0 = Debug|Any CPU
		{1B77DDFE-5946-4B99-BFC9-032BB707AA09}.AppStore|ARM.ActiveCfg = Debug|Any CPU
		{1B77DDFE-5946-4B99-BFC9-032BB707AA09}.AppStore|ARM.Build.0 = Debug|Any CPU
		{1B77DDFE-5946-4B99-BFC9-032BB707AA09}.AppStore|ARM64.ActiveCfg = Release|Any CPU
		{1B77DDFE-5946-4B99-BFC9-032BB707AA09}.AppStore|ARM64.Build.0 = Release|Any CPU
		{1B77DDFE-5946-4B99-BFC9-032BB707AA09}.AppStore|iPhone.ActiveCfg = Debug|Any CPU
		{1B77DDFE-5946-4B99-BFC9-032BB707AA09}.AppStore|iPhone.Build.0 = Debug|Any CPU
		{1B77DDFE-5946-4B99-BFC9-032BB707AA09}.AppStore|iPhoneSimulator.ActiveCfg = Debug|Any CPU
		{1B77DDFE-5946-4B99-BFC9-032BB707AA09}.AppStore|iPhoneSimulator.Build.0 = Debug|Any CPU
		{1B77DDFE-5946-4B99-BFC9-032BB707AA09}.AppStore|x64.ActiveCfg = Debug|Any CPU
		{1B77DDFE-5946-4B99-BFC9-032BB707AA09}.AppStore|x64.Build.0 = Debug|Any CPU
		{1B77DDFE-5946-4B99-BFC9-032BB707AA09}.AppStore|x86.ActiveCfg = Debug|Any CPU
		{1B77DDFE-5946-4B99-BFC9-032BB707AA09}.AppStore|x86.Build.0 = Debug|Any CPU
		{1B77DDFE-5946-4B99-BFC9-032BB707AA09}.Debug|Any CPU.ActiveCfg = Debug|Any CPU
		{1B77DDFE-5946-4B99-BFC9-032BB707AA09}.Debug|Any CPU.Build.0 = Debug|Any CPU
		{1B77DDFE-5946-4B99-BFC9-032BB707AA09}.Debug|ARM.ActiveCfg = Debug|Any CPU
		{1B77DDFE-5946-4B99-BFC9-032BB707AA09}.Debug|ARM.Build.0 = Debug|Any CPU
		{1B77DDFE-5946-4B99-BFC9-032BB707AA09}.Debug|ARM64.ActiveCfg = Debug|Any CPU
		{1B77DDFE-5946-4B99-BFC9-032BB707AA09}.Debug|ARM64.Build.0 = Debug|Any CPU
		{1B77DDFE-5946-4B99-BFC9-032BB707AA09}.Debug|iPhone.ActiveCfg = Debug|Any CPU
		{1B77DDFE-5946-4B99-BFC9-032BB707AA09}.Debug|iPhone.Build.0 = Debug|Any CPU
		{1B77DDFE-5946-4B99-BFC9-032BB707AA09}.Debug|iPhoneSimulator.ActiveCfg = Debug|Any CPU
		{1B77DDFE-5946-4B99-BFC9-032BB707AA09}.Debug|iPhoneSimulator.Build.0 = Debug|Any CPU
		{1B77DDFE-5946-4B99-BFC9-032BB707AA09}.Debug|x64.ActiveCfg = Debug|Any CPU
		{1B77DDFE-5946-4B99-BFC9-032BB707AA09}.Debug|x64.Build.0 = Debug|Any CPU
		{1B77DDFE-5946-4B99-BFC9-032BB707AA09}.Debug|x86.ActiveCfg = Debug|Any CPU
		{1B77DDFE-5946-4B99-BFC9-032BB707AA09}.Debug|x86.Build.0 = Debug|Any CPU
		{1B77DDFE-5946-4B99-BFC9-032BB707AA09}.Release|Any CPU.ActiveCfg = Release|Any CPU
		{1B77DDFE-5946-4B99-BFC9-032BB707AA09}.Release|Any CPU.Build.0 = Release|Any CPU
		{1B77DDFE-5946-4B99-BFC9-032BB707AA09}.Release|ARM.ActiveCfg = Release|Any CPU
		{1B77DDFE-5946-4B99-BFC9-032BB707AA09}.Release|ARM.Build.0 = Release|Any CPU
		{1B77DDFE-5946-4B99-BFC9-032BB707AA09}.Release|ARM64.ActiveCfg = Release|Any CPU
		{1B77DDFE-5946-4B99-BFC9-032BB707AA09}.Release|ARM64.Build.0 = Release|Any CPU
		{1B77DDFE-5946-4B99-BFC9-032BB707AA09}.Release|iPhone.ActiveCfg = Release|Any CPU
		{1B77DDFE-5946-4B99-BFC9-032BB707AA09}.Release|iPhone.Build.0 = Release|Any CPU
		{1B77DDFE-5946-4B99-BFC9-032BB707AA09}.Release|iPhoneSimulator.ActiveCfg = Release|Any CPU
		{1B77DDFE-5946-4B99-BFC9-032BB707AA09}.Release|iPhoneSimulator.Build.0 = Release|Any CPU
		{1B77DDFE-5946-4B99-BFC9-032BB707AA09}.Release|x64.ActiveCfg = Release|Any CPU
		{1B77DDFE-5946-4B99-BFC9-032BB707AA09}.Release|x64.Build.0 = Release|Any CPU
		{1B77DDFE-5946-4B99-BFC9-032BB707AA09}.Release|x86.ActiveCfg = Release|Any CPU
		{1B77DDFE-5946-4B99-BFC9-032BB707AA09}.Release|x86.Build.0 = Release|Any CPU
		{3DFE2686-ABA4-47A3-ABCA-81508C98186A}.Ad-Hoc|Any CPU.ActiveCfg = Release|Any CPU
		{3DFE2686-ABA4-47A3-ABCA-81508C98186A}.Ad-Hoc|Any CPU.Build.0 = Release|Any CPU
		{3DFE2686-ABA4-47A3-ABCA-81508C98186A}.Ad-Hoc|ARM.ActiveCfg = Release|Any CPU
		{3DFE2686-ABA4-47A3-ABCA-81508C98186A}.Ad-Hoc|ARM.Build.0 = Release|Any CPU
		{3DFE2686-ABA4-47A3-ABCA-81508C98186A}.Ad-Hoc|ARM64.ActiveCfg = Debug|Any CPU
		{3DFE2686-ABA4-47A3-ABCA-81508C98186A}.Ad-Hoc|ARM64.Build.0 = Debug|Any CPU
		{3DFE2686-ABA4-47A3-ABCA-81508C98186A}.Ad-Hoc|ARM64.Deploy.0 = Debug|Any CPU
		{3DFE2686-ABA4-47A3-ABCA-81508C98186A}.Ad-Hoc|iPhone.ActiveCfg = Release|Any CPU
		{3DFE2686-ABA4-47A3-ABCA-81508C98186A}.Ad-Hoc|iPhone.Build.0 = Release|Any CPU
		{3DFE2686-ABA4-47A3-ABCA-81508C98186A}.Ad-Hoc|iPhoneSimulator.ActiveCfg = Release|Any CPU
		{3DFE2686-ABA4-47A3-ABCA-81508C98186A}.Ad-Hoc|iPhoneSimulator.Build.0 = Release|Any CPU
		{3DFE2686-ABA4-47A3-ABCA-81508C98186A}.Ad-Hoc|x64.ActiveCfg = Release|Any CPU
		{3DFE2686-ABA4-47A3-ABCA-81508C98186A}.Ad-Hoc|x64.Build.0 = Release|Any CPU
		{3DFE2686-ABA4-47A3-ABCA-81508C98186A}.Ad-Hoc|x86.ActiveCfg = Release|Any CPU
		{3DFE2686-ABA4-47A3-ABCA-81508C98186A}.Ad-Hoc|x86.Build.0 = Release|Any CPU
		{3DFE2686-ABA4-47A3-ABCA-81508C98186A}.AppStore|Any CPU.ActiveCfg = Release|Any CPU
		{3DFE2686-ABA4-47A3-ABCA-81508C98186A}.AppStore|Any CPU.Build.0 = Release|Any CPU
		{3DFE2686-ABA4-47A3-ABCA-81508C98186A}.AppStore|ARM.ActiveCfg = Release|Any CPU
		{3DFE2686-ABA4-47A3-ABCA-81508C98186A}.AppStore|ARM.Build.0 = Release|Any CPU
		{3DFE2686-ABA4-47A3-ABCA-81508C98186A}.AppStore|ARM64.ActiveCfg = Debug|Any CPU
		{3DFE2686-ABA4-47A3-ABCA-81508C98186A}.AppStore|ARM64.Build.0 = Debug|Any CPU
		{3DFE2686-ABA4-47A3-ABCA-81508C98186A}.AppStore|ARM64.Deploy.0 = Debug|Any CPU
		{3DFE2686-ABA4-47A3-ABCA-81508C98186A}.AppStore|iPhone.ActiveCfg = Release|Any CPU
		{3DFE2686-ABA4-47A3-ABCA-81508C98186A}.AppStore|iPhone.Build.0 = Release|Any CPU
		{3DFE2686-ABA4-47A3-ABCA-81508C98186A}.AppStore|iPhoneSimulator.ActiveCfg = Release|Any CPU
		{3DFE2686-ABA4-47A3-ABCA-81508C98186A}.AppStore|iPhoneSimulator.Build.0 = Release|Any CPU
		{3DFE2686-ABA4-47A3-ABCA-81508C98186A}.AppStore|x64.ActiveCfg = Release|Any CPU
		{3DFE2686-ABA4-47A3-ABCA-81508C98186A}.AppStore|x64.Build.0 = Release|Any CPU
		{3DFE2686-ABA4-47A3-ABCA-81508C98186A}.AppStore|x86.ActiveCfg = Release|Any CPU
		{3DFE2686-ABA4-47A3-ABCA-81508C98186A}.AppStore|x86.Build.0 = Release|Any CPU
		{3DFE2686-ABA4-47A3-ABCA-81508C98186A}.Debug|Any CPU.ActiveCfg = Debug|Any CPU
		{3DFE2686-ABA4-47A3-ABCA-81508C98186A}.Debug|Any CPU.Build.0 = Debug|Any CPU
		{3DFE2686-ABA4-47A3-ABCA-81508C98186A}.Debug|Any CPU.Deploy.0 = Debug|Any CPU
		{3DFE2686-ABA4-47A3-ABCA-81508C98186A}.Debug|ARM.ActiveCfg = Debug|Any CPU
		{3DFE2686-ABA4-47A3-ABCA-81508C98186A}.Debug|ARM.Build.0 = Debug|Any CPU
		{3DFE2686-ABA4-47A3-ABCA-81508C98186A}.Debug|ARM64.ActiveCfg = Debug|Any CPU
		{3DFE2686-ABA4-47A3-ABCA-81508C98186A}.Debug|ARM64.Build.0 = Debug|Any CPU
		{3DFE2686-ABA4-47A3-ABCA-81508C98186A}.Debug|ARM64.Deploy.0 = Debug|Any CPU
		{3DFE2686-ABA4-47A3-ABCA-81508C98186A}.Debug|iPhone.ActiveCfg = Debug|Any CPU
		{3DFE2686-ABA4-47A3-ABCA-81508C98186A}.Debug|iPhone.Build.0 = Debug|Any CPU
		{3DFE2686-ABA4-47A3-ABCA-81508C98186A}.Debug|iPhoneSimulator.ActiveCfg = Debug|Any CPU
		{3DFE2686-ABA4-47A3-ABCA-81508C98186A}.Debug|iPhoneSimulator.Build.0 = Debug|Any CPU
		{3DFE2686-ABA4-47A3-ABCA-81508C98186A}.Debug|x64.ActiveCfg = Debug|Any CPU
		{3DFE2686-ABA4-47A3-ABCA-81508C98186A}.Debug|x64.Build.0 = Debug|Any CPU
		{3DFE2686-ABA4-47A3-ABCA-81508C98186A}.Debug|x86.ActiveCfg = Debug|Any CPU
		{3DFE2686-ABA4-47A3-ABCA-81508C98186A}.Debug|x86.Build.0 = Debug|Any CPU
		{3DFE2686-ABA4-47A3-ABCA-81508C98186A}.Release|Any CPU.ActiveCfg = Release|Any CPU
		{3DFE2686-ABA4-47A3-ABCA-81508C98186A}.Release|Any CPU.Build.0 = Release|Any CPU
		{3DFE2686-ABA4-47A3-ABCA-81508C98186A}.Release|Any CPU.Deploy.0 = Release|Any CPU
		{3DFE2686-ABA4-47A3-ABCA-81508C98186A}.Release|ARM.ActiveCfg = Release|Any CPU
		{3DFE2686-ABA4-47A3-ABCA-81508C98186A}.Release|ARM.Build.0 = Release|Any CPU
		{3DFE2686-ABA4-47A3-ABCA-81508C98186A}.Release|ARM64.ActiveCfg = Release|Any CPU
		{3DFE2686-ABA4-47A3-ABCA-81508C98186A}.Release|ARM64.Build.0 = Release|Any CPU
		{3DFE2686-ABA4-47A3-ABCA-81508C98186A}.Release|ARM64.Deploy.0 = Release|Any CPU
		{3DFE2686-ABA4-47A3-ABCA-81508C98186A}.Release|iPhone.ActiveCfg = Release|Any CPU
		{3DFE2686-ABA4-47A3-ABCA-81508C98186A}.Release|iPhone.Build.0 = Release|Any CPU
		{3DFE2686-ABA4-47A3-ABCA-81508C98186A}.Release|iPhoneSimulator.ActiveCfg = Release|Any CPU
		{3DFE2686-ABA4-47A3-ABCA-81508C98186A}.Release|iPhoneSimulator.Build.0 = Release|Any CPU
		{3DFE2686-ABA4-47A3-ABCA-81508C98186A}.Release|x64.ActiveCfg = Release|Any CPU
		{3DFE2686-ABA4-47A3-ABCA-81508C98186A}.Release|x64.Build.0 = Release|Any CPU
		{3DFE2686-ABA4-47A3-ABCA-81508C98186A}.Release|x86.ActiveCfg = Release|Any CPU
		{3DFE2686-ABA4-47A3-ABCA-81508C98186A}.Release|x86.Build.0 = Release|Any CPU
		{CF17F293-8EC3-4662-99D4-0EA04881CFA0}.Ad-Hoc|Any CPU.ActiveCfg = Ad-Hoc|iPhone
		{CF17F293-8EC3-4662-99D4-0EA04881CFA0}.Ad-Hoc|ARM.ActiveCfg = Ad-Hoc|iPhone
		{CF17F293-8EC3-4662-99D4-0EA04881CFA0}.Ad-Hoc|ARM64.ActiveCfg = Ad-Hoc|iPhoneSimulator
		{CF17F293-8EC3-4662-99D4-0EA04881CFA0}.Ad-Hoc|iPhone.ActiveCfg = Ad-Hoc|iPhone
		{CF17F293-8EC3-4662-99D4-0EA04881CFA0}.Ad-Hoc|iPhone.Build.0 = Ad-Hoc|iPhone
		{CF17F293-8EC3-4662-99D4-0EA04881CFA0}.Ad-Hoc|iPhoneSimulator.ActiveCfg = Ad-Hoc|iPhoneSimulator
		{CF17F293-8EC3-4662-99D4-0EA04881CFA0}.Ad-Hoc|iPhoneSimulator.Build.0 = Ad-Hoc|iPhoneSimulator
		{CF17F293-8EC3-4662-99D4-0EA04881CFA0}.Ad-Hoc|x64.ActiveCfg = Ad-Hoc|iPhone
		{CF17F293-8EC3-4662-99D4-0EA04881CFA0}.Ad-Hoc|x86.ActiveCfg = Ad-Hoc|iPhone
		{CF17F293-8EC3-4662-99D4-0EA04881CFA0}.AppStore|Any CPU.ActiveCfg = AppStore|iPhone
		{CF17F293-8EC3-4662-99D4-0EA04881CFA0}.AppStore|ARM.ActiveCfg = AppStore|iPhone
		{CF17F293-8EC3-4662-99D4-0EA04881CFA0}.AppStore|ARM64.ActiveCfg = AppStore|iPhoneSimulator
		{CF17F293-8EC3-4662-99D4-0EA04881CFA0}.AppStore|iPhone.ActiveCfg = AppStore|iPhone
		{CF17F293-8EC3-4662-99D4-0EA04881CFA0}.AppStore|iPhone.Build.0 = AppStore|iPhone
		{CF17F293-8EC3-4662-99D4-0EA04881CFA0}.AppStore|iPhoneSimulator.ActiveCfg = AppStore|iPhoneSimulator
		{CF17F293-8EC3-4662-99D4-0EA04881CFA0}.AppStore|iPhoneSimulator.Build.0 = AppStore|iPhoneSimulator
		{CF17F293-8EC3-4662-99D4-0EA04881CFA0}.AppStore|x64.ActiveCfg = AppStore|iPhone
		{CF17F293-8EC3-4662-99D4-0EA04881CFA0}.AppStore|x86.ActiveCfg = AppStore|iPhone
		{CF17F293-8EC3-4662-99D4-0EA04881CFA0}.Debug|Any CPU.ActiveCfg = Debug|iPhoneSimulator
		{CF17F293-8EC3-4662-99D4-0EA04881CFA0}.Debug|ARM.ActiveCfg = Debug|iPhone
		{CF17F293-8EC3-4662-99D4-0EA04881CFA0}.Debug|ARM64.ActiveCfg = Debug|iPhoneSimulator
		{CF17F293-8EC3-4662-99D4-0EA04881CFA0}.Debug|iPhone.ActiveCfg = Debug|iPhone
		{CF17F293-8EC3-4662-99D4-0EA04881CFA0}.Debug|iPhone.Build.0 = Debug|iPhone
		{CF17F293-8EC3-4662-99D4-0EA04881CFA0}.Debug|iPhoneSimulator.ActiveCfg = Debug|iPhoneSimulator
		{CF17F293-8EC3-4662-99D4-0EA04881CFA0}.Debug|iPhoneSimulator.Build.0 = Debug|iPhoneSimulator
		{CF17F293-8EC3-4662-99D4-0EA04881CFA0}.Debug|x64.ActiveCfg = Debug|iPhone
		{CF17F293-8EC3-4662-99D4-0EA04881CFA0}.Debug|x86.ActiveCfg = Debug|iPhone
		{CF17F293-8EC3-4662-99D4-0EA04881CFA0}.Release|Any CPU.ActiveCfg = Release|iPhone
		{CF17F293-8EC3-4662-99D4-0EA04881CFA0}.Release|ARM.ActiveCfg = Release|iPhone
		{CF17F293-8EC3-4662-99D4-0EA04881CFA0}.Release|ARM64.ActiveCfg = Release|iPhoneSimulator
		{CF17F293-8EC3-4662-99D4-0EA04881CFA0}.Release|iPhone.ActiveCfg = Release|iPhone
		{CF17F293-8EC3-4662-99D4-0EA04881CFA0}.Release|iPhone.Build.0 = Release|iPhone
		{CF17F293-8EC3-4662-99D4-0EA04881CFA0}.Release|iPhoneSimulator.ActiveCfg = Release|iPhoneSimulator
		{CF17F293-8EC3-4662-99D4-0EA04881CFA0}.Release|iPhoneSimulator.Build.0 = Release|iPhoneSimulator
		{CF17F293-8EC3-4662-99D4-0EA04881CFA0}.Release|x64.ActiveCfg = Release|iPhone
		{CF17F293-8EC3-4662-99D4-0EA04881CFA0}.Release|x86.ActiveCfg = Release|iPhone
		{CF17F293-8EC3-4662-99D4-0EA04881CFA0}.Debug|Any CPU.Build.0 = Debug|iPhoneSimulator
		{CF17F293-8EC3-4662-99D4-0EA04881CFA0}.Release|Any CPU.Build.0 = Release|iPhone
		{52BAA8C5-BDAF-425B-85CB-B940D7DE1933}.Ad-Hoc|Any CPU.ActiveCfg = Release|x64
		{52BAA8C5-BDAF-425B-85CB-B940D7DE1933}.Ad-Hoc|Any CPU.Build.0 = Release|x64
		{52BAA8C5-BDAF-425B-85CB-B940D7DE1933}.Ad-Hoc|Any CPU.Deploy.0 = Release|x64
		{52BAA8C5-BDAF-425B-85CB-B940D7DE1933}.Ad-Hoc|ARM.ActiveCfg = Release|ARM
		{52BAA8C5-BDAF-425B-85CB-B940D7DE1933}.Ad-Hoc|ARM.Build.0 = Release|ARM
		{52BAA8C5-BDAF-425B-85CB-B940D7DE1933}.Ad-Hoc|ARM.Deploy.0 = Release|ARM
		{52BAA8C5-BDAF-425B-85CB-B940D7DE1933}.Ad-Hoc|ARM64.ActiveCfg = Release|ARM64
		{52BAA8C5-BDAF-425B-85CB-B940D7DE1933}.Ad-Hoc|ARM64.Build.0 = Release|ARM64
		{52BAA8C5-BDAF-425B-85CB-B940D7DE1933}.Ad-Hoc|ARM64.Deploy.0 = Release|ARM64
		{52BAA8C5-BDAF-425B-85CB-B940D7DE1933}.Ad-Hoc|iPhone.ActiveCfg = Release|x64
		{52BAA8C5-BDAF-425B-85CB-B940D7DE1933}.Ad-Hoc|iPhone.Build.0 = Release|x64
		{52BAA8C5-BDAF-425B-85CB-B940D7DE1933}.Ad-Hoc|iPhone.Deploy.0 = Release|x64
		{52BAA8C5-BDAF-425B-85CB-B940D7DE1933}.Ad-Hoc|iPhoneSimulator.ActiveCfg = Release|x64
		{52BAA8C5-BDAF-425B-85CB-B940D7DE1933}.Ad-Hoc|iPhoneSimulator.Build.0 = Release|x64
		{52BAA8C5-BDAF-425B-85CB-B940D7DE1933}.Ad-Hoc|iPhoneSimulator.Deploy.0 = Release|x64
		{52BAA8C5-BDAF-425B-85CB-B940D7DE1933}.Ad-Hoc|x64.ActiveCfg = Release|x64
		{52BAA8C5-BDAF-425B-85CB-B940D7DE1933}.Ad-Hoc|x64.Build.0 = Release|x64
		{52BAA8C5-BDAF-425B-85CB-B940D7DE1933}.Ad-Hoc|x64.Deploy.0 = Release|x64
		{52BAA8C5-BDAF-425B-85CB-B940D7DE1933}.Ad-Hoc|x86.ActiveCfg = Release|x86
		{52BAA8C5-BDAF-425B-85CB-B940D7DE1933}.Ad-Hoc|x86.Build.0 = Release|x86
		{52BAA8C5-BDAF-425B-85CB-B940D7DE1933}.Ad-Hoc|x86.Deploy.0 = Release|x86
		{52BAA8C5-BDAF-425B-85CB-B940D7DE1933}.AppStore|Any CPU.ActiveCfg = Release|x64
		{52BAA8C5-BDAF-425B-85CB-B940D7DE1933}.AppStore|Any CPU.Build.0 = Release|x64
		{52BAA8C5-BDAF-425B-85CB-B940D7DE1933}.AppStore|Any CPU.Deploy.0 = Release|x64
		{52BAA8C5-BDAF-425B-85CB-B940D7DE1933}.AppStore|ARM.ActiveCfg = Release|ARM
		{52BAA8C5-BDAF-425B-85CB-B940D7DE1933}.AppStore|ARM.Build.0 = Release|ARM
		{52BAA8C5-BDAF-425B-85CB-B940D7DE1933}.AppStore|ARM.Deploy.0 = Release|ARM
		{52BAA8C5-BDAF-425B-85CB-B940D7DE1933}.AppStore|ARM64.ActiveCfg = Release|ARM64
		{52BAA8C5-BDAF-425B-85CB-B940D7DE1933}.AppStore|ARM64.Build.0 = Release|ARM64
		{52BAA8C5-BDAF-425B-85CB-B940D7DE1933}.AppStore|ARM64.Deploy.0 = Release|ARM64
		{52BAA8C5-BDAF-425B-85CB-B940D7DE1933}.AppStore|iPhone.ActiveCfg = Release|x64
		{52BAA8C5-BDAF-425B-85CB-B940D7DE1933}.AppStore|iPhone.Build.0 = Release|x64
		{52BAA8C5-BDAF-425B-85CB-B940D7DE1933}.AppStore|iPhone.Deploy.0 = Release|x64
		{52BAA8C5-BDAF-425B-85CB-B940D7DE1933}.AppStore|iPhoneSimulator.ActiveCfg = Release|x64
		{52BAA8C5-BDAF-425B-85CB-B940D7DE1933}.AppStore|iPhoneSimulator.Build.0 = Release|x64
		{52BAA8C5-BDAF-425B-85CB-B940D7DE1933}.AppStore|iPhoneSimulator.Deploy.0 = Release|x64
		{52BAA8C5-BDAF-425B-85CB-B940D7DE1933}.AppStore|x64.ActiveCfg = Release|x64
		{52BAA8C5-BDAF-425B-85CB-B940D7DE1933}.AppStore|x64.Build.0 = Release|x64
		{52BAA8C5-BDAF-425B-85CB-B940D7DE1933}.AppStore|x64.Deploy.0 = Release|x64
		{52BAA8C5-BDAF-425B-85CB-B940D7DE1933}.AppStore|x86.ActiveCfg = Release|x86
		{52BAA8C5-BDAF-425B-85CB-B940D7DE1933}.AppStore|x86.Build.0 = Release|x86
		{52BAA8C5-BDAF-425B-85CB-B940D7DE1933}.AppStore|x86.Deploy.0 = Release|x86
		{52BAA8C5-BDAF-425B-85CB-B940D7DE1933}.Debug|Any CPU.ActiveCfg = Debug|x86
		{52BAA8C5-BDAF-425B-85CB-B940D7DE1933}.Debug|ARM.ActiveCfg = Debug|ARM
		{52BAA8C5-BDAF-425B-85CB-B940D7DE1933}.Debug|ARM.Build.0 = Debug|ARM
		{52BAA8C5-BDAF-425B-85CB-B940D7DE1933}.Debug|ARM.Deploy.0 = Debug|ARM
		{52BAA8C5-BDAF-425B-85CB-B940D7DE1933}.Debug|ARM64.ActiveCfg = Debug|ARM64
		{52BAA8C5-BDAF-425B-85CB-B940D7DE1933}.Debug|ARM64.Build.0 = Debug|ARM64
		{52BAA8C5-BDAF-425B-85CB-B940D7DE1933}.Debug|ARM64.Deploy.0 = Debug|ARM64
		{52BAA8C5-BDAF-425B-85CB-B940D7DE1933}.Debug|iPhone.ActiveCfg = Debug|x86
		{52BAA8C5-BDAF-425B-85CB-B940D7DE1933}.Debug|iPhoneSimulator.ActiveCfg = Debug|x86
		{52BAA8C5-BDAF-425B-85CB-B940D7DE1933}.Debug|x64.ActiveCfg = Debug|x64
		{52BAA8C5-BDAF-425B-85CB-B940D7DE1933}.Debug|x64.Build.0 = Debug|x64
		{52BAA8C5-BDAF-425B-85CB-B940D7DE1933}.Debug|x64.Deploy.0 = Debug|x64
		{52BAA8C5-BDAF-425B-85CB-B940D7DE1933}.Debug|x86.ActiveCfg = Debug|x86
		{52BAA8C5-BDAF-425B-85CB-B940D7DE1933}.Debug|x86.Build.0 = Debug|x86
		{52BAA8C5-BDAF-425B-85CB-B940D7DE1933}.Debug|x86.Deploy.0 = Debug|x86
		{52BAA8C5-BDAF-425B-85CB-B940D7DE1933}.Release|Any CPU.ActiveCfg = Release|x86
		{52BAA8C5-BDAF-425B-85CB-B940D7DE1933}.Release|ARM.ActiveCfg = Release|ARM
		{52BAA8C5-BDAF-425B-85CB-B940D7DE1933}.Release|ARM.Build.0 = Release|ARM
		{52BAA8C5-BDAF-425B-85CB-B940D7DE1933}.Release|ARM.Deploy.0 = Release|ARM
		{52BAA8C5-BDAF-425B-85CB-B940D7DE1933}.Release|ARM64.ActiveCfg = Release|ARM64
		{52BAA8C5-BDAF-425B-85CB-B940D7DE1933}.Release|ARM64.Build.0 = Release|ARM64
		{52BAA8C5-BDAF-425B-85CB-B940D7DE1933}.Release|ARM64.Deploy.0 = Release|ARM64
		{52BAA8C5-BDAF-425B-85CB-B940D7DE1933}.Release|iPhone.ActiveCfg = Release|x86
		{52BAA8C5-BDAF-425B-85CB-B940D7DE1933}.Release|iPhoneSimulator.ActiveCfg = Release|x86
		{52BAA8C5-BDAF-425B-85CB-B940D7DE1933}.Release|x64.ActiveCfg = Release|x64
		{52BAA8C5-BDAF-425B-85CB-B940D7DE1933}.Release|x64.Build.0 = Release|x64
		{52BAA8C5-BDAF-425B-85CB-B940D7DE1933}.Release|x64.Deploy.0 = Release|x64
		{52BAA8C5-BDAF-425B-85CB-B940D7DE1933}.Release|x86.ActiveCfg = Release|x86
		{52BAA8C5-BDAF-425B-85CB-B940D7DE1933}.Release|x86.Build.0 = Release|x86
		{52BAA8C5-BDAF-425B-85CB-B940D7DE1933}.Release|x86.Deploy.0 = Release|x86
	EndGlobalSection
	GlobalSection(SolutionProperties) = preSolution
		HideSolutionNode = FALSE
	EndGlobalSection
	GlobalSection(ExtensibilityGlobals) = postSolution
		SolutionGuid = {F6D05029-56B8-4E45-AF2D-0E76295DDBA2}
	EndGlobalSection
EndGlobal
